
Microsoft Visual Studio Solution File, Format Version 11.00
# Visual Studio 2010
Project("{8BC9CEB8-8B4A-11D0-8D11-00A0C91BC942}") = "game", "NH2012\NH2012.vcxproj", "{9E7BDDAA-BD83-4340-B01B-F81B38B4EB1D}"
	ProjectSection(ProjectDependencies) = postProject
		{73AA2BBC-22D7-44A1-9222-A1BD72F36105} = {73AA2BBC-22D7-44A1-9222-A1BD72F36105}
	EndProjectSection
EndProject
Project("{8BC9CEB8-8B4A-11D0-8D11-00A0C91BC942}") = "engine", "Engine\Engine.vcxproj", "{73AA2BBC-22D7-44A1-9222-A1BD72F36105}"
EndProject
Project("{8BC9CEB8-8B4A-11D0-8D11-00A0C91BC942}") = "editor", "Editor\Editor.vcxproj", "{F6C89989-98A2-4B9E-A48F-04DB85404ECA}"
	ProjectSection(ProjectDependencies) = postProject
		{73AA2BBC-22D7-44A1-9222-A1BD72F36105} = {73AA2BBC-22D7-44A1-9222-A1BD72F36105}
	EndProjectSection
EndProject
Project("{8BC9CEB8-8B4A-11D0-8D11-00A0C91BC942}") = "server", "Server\Server.vcxproj", "{32935CAF-02F5-4343-B4E7-A3D9B2743D34}"
	ProjectSection(ProjectDependencies) = postProject
		{73AA2BBC-22D7-44A1-9222-A1BD72F36105} = {73AA2BBC-22D7-44A1-9222-A1BD72F36105}
	EndProjectSection
EndProject
Global
	GlobalSection(SolutionConfigurationPlatforms) = preSolution
		debug|Win32 = debug|Win32
		release|Win32 = release|Win32
	EndGlobalSection
	GlobalSection(ProjectConfigurationPlatforms) = postSolution
		{9E7BDDAA-BD83-4340-B01B-F81B38B4EB1D}.debug|Win32.ActiveCfg = Debug|Win32
		{9E7BDDAA-BD83-4340-B01B-F81B38B4EB1D}.debug|Win32.Build.0 = Debug|Win32
		{9E7BDDAA-BD83-4340-B01B-F81B38B4EB1D}.release|Win32.ActiveCfg = Release|Win32
		{9E7BDDAA-BD83-4340-B01B-F81B38B4EB1D}.release|Win32.Build.0 = Release|Win32
		{73AA2BBC-22D7-44A1-9222-A1BD72F36105}.debug|Win32.ActiveCfg = Debug|Win32
		{73AA2BBC-22D7-44A1-9222-A1BD72F36105}.debug|Win32.Build.0 = Debug|Win32
		{73AA2BBC-22D7-44A1-9222-A1BD72F36105}.release|Win32.ActiveCfg = Release|Win32
		{73AA2BBC-22D7-44A1-9222-A1BD72F36105}.release|Win32.Build.0 = Release|Win32
		{F6C89989-98A2-4B9E-A48F-04DB85404ECA}.debug|Win32.ActiveCfg = Debug|Win32
		{F6C89989-98A2-4B9E-A48F-04DB85404ECA}.debug|Win32.Build.0 = Debug|Win32
		{F6C89989-98A2-4B9E-A48F-04DB85404ECA}.release|Win32.ActiveCfg = Release|Win32
		{F6C89989-98A2-4B9E-A48F-04DB85404ECA}.release|Win32.Build.0 = Release|Win32
		{32935CAF-02F5-4343-B4E7-A3D9B2743D34}.debug|Win32.ActiveCfg = Debug|Win32
		{32935CAF-02F5-4343-B4E7-A3D9B2743D34}.debug|Win32.Build.0 = Debug|Win32
		{32935CAF-02F5-4343-B4E7-A3D9B2743D34}.release|Win32.ActiveCfg = Release|Win32
		{32935CAF-02F5-4343-B4E7-A3D9B2743D34}.release|Win32.Build.0 = Release|Win32
	EndGlobalSection
	GlobalSection(SolutionProperties) = preSolution
		HideSolutionNode = FALSE
	EndGlobalSection
EndGlobal
